Microsoft Visual Studio Solution File, Format Version 12.00
# Visual Studio Version 16
VisualStudioVersion = 16.0.29519.181
MinimumVisualStudioVersion = 10.0.40219.1
Project("{9A19103F-16F7-4668-BE54-9A1E7A4F7556}") = "IntermittentFasting", "IntermittentFasting\IntermittentFasting.csproj", "{0DFDA874-522E-48D5-B41F-E7E07E14E17F}"
EndProject
Global
	GlobalSection(SolutionConfigurationPlatforms) = preSolution
		Debug|Any CPU = Debug|Any CPU
		Release|Any CPU = Release|Any CPU
	EndGlobalSection
	GlobalSection(ProjectConfigurationPlatforms) = postSolution
		{0DFDA874-522E-48D5-B41F-E7E07E14E17F}.Debug|Any CPU.ActiveCfg = Debug|Any CPU
		{0DFDA874-522E-48D5-B41F-E7E07E14E17F}.Debug|Any CPU.Build.0 = Debug|Any CPU
		{0DFDA874-522E-48D5-B41F-E7E07E14E17F}.Release|Any CPU.ActiveCfg = Release|Any CPU
		{0DFDA874-522E-48D5-B41F-E7E07E14E17F}.Release|Any CPU.Build.0 = Release|Any CPU
	EndGlobalSection
	GlobalSection(SolutionProperties) = preSolution
		HideSolutionNode = FALSE
	EndGlobalSection
	GlobalSection(ExtensibilityGlobals) = postSolution
		SolutionGuid = {80C2CAA9-C0B2-4E1F-B397-1A2D2B7BE2DA}
	EndGlobalSection
EndGlobal
