
Microsoft Visual Studio Solution File, Format Version 12.00
# Visual Studio 15
Project("{FAE04EC0-301F-11D3-BF4B-00C04F79EFBC}") = "IntermittentFasting", "IntermittentFasting\IntermittentFasting.csproj", "{0DFDA874-522E-48D5-B41F-E7E07E14E17F}"
EndProject
Global
	GlobalSection(SolutionConfigurationPlatforms) = preSolution
		Debug|Any CPU = Debug|Any CPU
		Release|Any CPU = Release|Any CPU
	EndGlobalSection
	GlobalSection(ProjectConfigurationPlatforms) = postSolution
		{0DFDA874-522E-48D5-B41F-E7E07E14E17F}.Debug|Any CPU.ActiveCfg = Debug|Any CPU
		{0DFDA874-522E-48D5-B41F-E7E07E14E17F}.Debug|Any CPU.Build.0 = Debug|Any CPU
		{0DFDA874-522E-48D5-B41F-E7E07E14E17F}.Release|Any CPU.ActiveCfg = Release|Any CPU
		{0DFDA874-522E-48D5-B41F-E7E07E14E17F}.Release|Any CPU.Build.0 = Release|Any CPU
	EndGlobalSection
EndGlobal
